
Microsoft Visual Studio Solution File, Format Version 12.00
# Visual Studio Version 16
VisualStudioVersion = 16.0.31702.278
MinimumVisualStudioVersion = 10.0.40219.1
Project("{FAE04EC0-301F-11D3-BF4B-00C04F79EFBC}") = "Cronometro", "Cronometro.csproj", "{06FECAAB-745A-4A5A-85EF-B4FCE1AF465C}"
EndProject
Global
	GlobalSection(SolutionConfigurationPlatforms) = preSolution
		Debug|Any CPU = Debug|Any CPU
		Release|Any CPU = Release|Any CPU
	EndGlobalSection
	GlobalSection(ProjectConfigurationPlatforms) = postSolution
		{06FECAAB-745A-4A5A-85EF-B4FCE1AF465C}.Debug|Any CPU.ActiveCfg = Debug|Any CPU
		{06FECAAB-745A-4A5A-85EF-B4FCE1AF465C}.Debug|Any CPU.Build.0 = Debug|Any CPU
		{06FECAAB-745A-4A5A-85EF-B4FCE1AF465C}.Release|Any CPU.ActiveCfg = Release|Any CPU
		{06FECAAB-745A-4A5A-85EF-B4FCE1AF465C}.Release|Any CPU.Build.0 = Release|Any CPU
	EndGlobalSection
	GlobalSection(SolutionProperties) = preSolution
		HideSolutionNode = FALSE
	EndGlobalSection
	GlobalSection(ExtensibilityGlobals) = postSolution
		SolutionGuid = {B6A5EB25-BB64-4AAB-8AB9-236650FEA128}
	EndGlobalSection
EndGlobal
